
Microsoft Visual Studio Solution File, Format Version 12.00
# Visual Studio 15
VisualStudioVersion = 15.0.28307.329
MinimumVisualStudioVersion = 10.0.40219.1
Project("{D2ABAB84-BF74-430A-B69E-9DC6D40DDA17}") = "Analysis Services Tutorial", "Analysis Services Tutorial\Analysis Services Tutorial.dwproj", "{D8D6FC93-D22A-4D57-847D-E1483B10C0E5}"
EndProject
Global
	GlobalSection(SolutionConfigurationPlatforms) = preSolution
		Development|Default = Development|Default
	EndGlobalSection
	GlobalSection(ProjectConfigurationPlatforms) = postSolution
		{D8D6FC93-D22A-4D57-847D-E1483B10C0E5}.Development|Default.ActiveCfg = Development
		{D8D6FC93-D22A-4D57-847D-E1483B10C0E5}.Development|Default.Build.0 = Development
		{D8D6FC93-D22A-4D57-847D-E1483B10C0E5}.Development|Default.Deploy.0 = Development
	EndGlobalSection
	GlobalSection(SolutionProperties) = preSolution
		HideSolutionNode = FALSE
	EndGlobalSection
	GlobalSection(ExtensibilityGlobals) = postSolution
		SolutionGuid = {6C4F5ED2-0930-49F7-A021-BF0060973547}
	EndGlobalSection
EndGlobal
